
Microsoft Visual Studio Solution File, Format Version 12.00
# Visual Studio Version 17
VisualStudioVersion = 17.9.34902.65
MinimumVisualStudioVersion = 10.0.40219.1
Project("{FAE04EC0-301F-11D3-BF4B-00C04F79EFBC}") = "AppTTS", "AppTTS.csproj", "{9715B141-0AEA-4251-AFE6-584B5DC67A3B}"
EndProject
Global
	GlobalSection(SolutionConfigurationPlatforms) = preSolution
		Debug|Any CPU = Debug|Any CPU
		Release|Any CPU = Release|Any CPU
	EndGlobalSection
	GlobalSection(ProjectConfigurationPlatforms) = postSolution
		{9715B141-0AEA-4251-AFE6-584B5DC67A3B}.Debug|Any CPU.ActiveCfg = Debug|Any CPU
		{9715B141-0AEA-4251-AFE6-584B5DC67A3B}.Debug|Any CPU.Build.0 = Debug|Any CPU
		{9715B141-0AEA-4251-AFE6-584B5DC67A3B}.Release|Any CPU.ActiveCfg = Release|Any CPU
		{9715B141-0AEA-4251-AFE6-584B5DC67A3B}.Release|Any CPU.Build.0 = Release|Any CPU
	EndGlobalSection
	GlobalSection(SolutionProperties) = preSolution
		HideSolutionNode = FALSE
	EndGlobalSection
	GlobalSection(ExtensibilityGlobals) = postSolution
		SolutionGuid = {DFA14D5A-EC36-49B3-8CA5-F31E4C635C3B}
	EndGlobalSection
EndGlobal
